
Microsoft Visual Studio Solution File, Format Version 12.00
# Visual Studio 2012
Project("{FAE04EC0-301F-11D3-BF4B-00C04F79EFBC}") = "LFSOLUCOES", "LFSOLUCOES\LFSOLUCOES.csproj", "{9FC62FA7-C4DA-4BAA-9343-F2C300C8F12E}"
EndProject
Global
	GlobalSection(SolutionConfigurationPlatforms) = preSolution
		Debug|Any CPU = Debug|Any CPU
		Release|Any CPU = Release|Any CPU
	EndGlobalSection
	GlobalSection(ProjectConfigurationPlatforms) = postSolution
		{9FC62FA7-C4DA-4BAA-9343-F2C300C8F12E}.Debug|Any CPU.ActiveCfg = Debug|Any CPU
		{9FC62FA7-C4DA-4BAA-9343-F2C300C8F12E}.Debug|Any CPU.Build.0 = Debug|Any CPU
		{9FC62FA7-C4DA-4BAA-9343-F2C300C8F12E}.Release|Any CPU.ActiveCfg = Release|Any CPU
		{9FC62FA7-C4DA-4BAA-9343-F2C300C8F12E}.Release|Any CPU.Build.0 = Release|Any CPU
	EndGlobalSection
	GlobalSection(SolutionProperties) = preSolution
		HideSolutionNode = FALSE
	EndGlobalSection
EndGlobal
